// !$*UTF8*$!
{
	archiveVersion = 1;
	classes = {
	};
	objectVersion = 77;
	objects = {

/* Begin PBXBuildFile section */
		B332C8D82C9D468600953C58 /* README.md in Resources */ = {isa = PBXBuildFile; fileRef = B332C8D72C9D467E00953C58 /* README.md */; };
/* End PBXBuildFile section */

/* Begin PBXContainerItemProxy section */
		B332C8BB2C9D458800953C58 /* PBXContainerItemProxy */ = {
			isa = PBXContainerItemProxy;
			containerPortal = B332C8A22C9D458200953C58 /* Project object */;
			proxyType = 1;
			remoteGlobalIDString = B332C8A92C9D458200953C58;
			remoteInfo = "Basic Multiplication";
		};
		B332C8C52C9D458800953C58 /* PBXContainerItemProxy */ = {
			isa = PBXContainerItemProxy;
			containerPortal = B332C8A22C9D458200953C58 /* Project object */;
			proxyType = 1;
			remoteGlobalIDString = B332C8A92C9D458200953C58;
			remoteInfo = "Basic Multiplication";
		};
/* End PBXContainerItemProxy section */

/* Begin PBXFileReference section */
		B332C8AA2C9D458200953C58 /* Basic Multiplication.app */ = {isa = PBXFileReference; explicitFileType = wrapper.application; includeInIndex = 0; path = "Basic Multiplication.app"; sourceTree = BUILT_PRODUCTS_DIR; };
		B332C8BA2C9D458800953C58 /* Basic MultiplicationTests.xctest */ = {isa = PBXFileReference; explicitFileType = wrapper.cfbundle; includeInIndex = 0; path = "Basic MultiplicationTests.xctest"; sourceTree = BUILT_PRODUCTS_DIR; };
		B332C8C42C9D458800953C58 /* Basic MultiplicationUITests.xctest */ = {isa = PBXFileReference; explicitFileType = wrapper.cfbundle; includeInIndex = 0; path = "Basic MultiplicationUITests.xctest"; sourceTree = BUILT_PRODUCTS_DIR; };
		B332C8D72C9D467E00953C58 /* README.md */ = {isa = PBXFileReference; lastKnownFileType = net.daringfireball.markdown; path = README.md; sourceTree = "<group>"; };
		B3E1F5D42C9D4B7B00B9EC93 /* Basic Multiplication.xctestplan */ = {isa = PBXFileReference; lastKnownFileType = text; path = "Basic Multiplication.xctestplan"; sourceTree = "<group>"; };
/* End PBXFileReference section */

/* Begin PBXFileSystemSynchronizedRootGroup section */
		B332C8AC2C9D458200953C58 /* Basic Multiplication */ = {
			isa = PBXFileSystemSynchronizedRootGroup;
			path = "Basic Multiplication";
			sourceTree = "<group>";
		};
		B332C8BD2C9D458800953C58 /* Basic MultiplicationTests */ = {
			isa = PBXFileSystemSynchronizedRootGroup;
			path = "Basic MultiplicationTests";
			sourceTree = "<group>";
		};
		B332C8C72C9D458800953C58 /* Basic MultiplicationUITests */ = {
			isa = PBXFileSystemSynchronizedRootGroup;
			path = "Basic MultiplicationUITests";
			sourceTree = "<group>";
		};
/* End PBXFileSystemSynchronizedRootGroup section */

/* Begin PBXFrameworksBuildPhase section */
		B332C8A72C9D458200953C58 /* Frameworks */ = {
			isa = PBXFrameworksBuildPhase;
			buildActionMask = 2147483647;
			files = (
			);
			runOnlyForDeploymentPostprocessing = 0;
		};
		B332C8B72C9D458800953C58 /* Frameworks */ = {
			isa = PBXFrameworksBuildPhase;
			buildActionMask = 2147483647;
			files = (
			);
			runOnlyForDeploymentPostprocessing = 0;
		};
		B332C8C12C9D458800953C58 /* Frameworks */ = {
			isa = PBXFrameworksBuildPhase;
			buildActionMask = 2147483647;
			files = (
			);
			runOnlyForDeploymentPostprocessing = 0;
		};
/* End PBXFrameworksBuildPhase section */

/* Begin PBXGroup section */
		B332C8A12C9D458200953C58 = {
			isa = PBXGroup;
			children = (
				B3E1F5D42C9D4B7B00B9EC93 /* Basic Multiplication.xctestplan */,
				B332C8D72C9D467E00953C58 /* README.md */,
				B332C8AC2C9D458200953C58 /* Basic Multiplication */,
				B332C8BD2C9D458800953C58 /* Basic MultiplicationTests */,
				B332C8C72C9D458800953C58 /* Basic MultiplicationUITests */,
				B332C8AB2C9D458200953C58 /* Products */,
			);
			sourceTree = "<group>";
		};
		B332C8AB2C9D458200953C58 /* Products */ = {
			isa = PBXGroup;
			children = (
				B332C8AA2C9D458200953C58 /* Basic Multiplication.app */,
				B332C8BA2C9D458800953C58 /* Basic MultiplicationTests.xctest */,
				B332C8C42C9D458800953C58 /* Basic MultiplicationUITests.xctest */,
			);
			name = Products;
			sourceTree = "<group>";
		};
/* End PBXGroup section */

/* Begin PBXNativeTarget section */
		B332C8A92C9D458200953C58 /* Basic Multiplication */ = {
			isa = PBXNativeTarget;
			buildConfigurationList = B332C8CE2C9D458800953C58 /* Build configuration list for PBXNativeTarget "Basic Multiplication" */;
			buildPhases = (
				B332C8A62C9D458200953C58 /* Sources */,
				B332C8A72C9D458200953C58 /* Frameworks */,
				B332C8A82C9D458200953C58 /* Resources */,
			);
			buildRules = (
			);
			dependencies = (
			);
			fileSystemSynchronizedGroups = (
				B332C8AC2C9D458200953C58 /* Basic Multiplication */,
			);
			name = "Basic Multiplication";
			packageProductDependencies = (
			);
			productName = "Basic Multiplication";
			productReference = B332C8AA2C9D458200953C58 /* Basic Multiplication.app */;
			productType = "com.apple.product-type.application";
		};
		B332C8B92C9D458800953C58 /* Basic MultiplicationTests */ = {
			isa = PBXNativeTarget;
			buildConfigurationList = B332C8D12C9D458800953C58 /* Build configuration list for PBXNativeTarget "Basic MultiplicationTests" */;
			buildPhases = (
				B332C8B62C9D458800953C58 /* Sources */,
				B332C8B72C9D458800953C58 /* Frameworks */,
				B332C8B82C9D458800953C58 /* Resources */,
			);
			buildRules = (
			);
			dependencies = (
				B332C8BC2C9D458800953C58 /* PBXTargetDependency */,
			);
			fileSystemSynchronizedGroups = (
				B332C8BD2C9D458800953C58 /* Basic MultiplicationTests */,
			);
			name = "Basic MultiplicationTests";
			packageProductDependencies = (
			);
			productName = "Basic MultiplicationTests";
			productReference = B332C8BA2C9D458800953C58 /* Basic MultiplicationTests.xctest */;
			productType = "com.apple.product-type.bundle.unit-test";
		};
		B332C8C32C9D458800953C58 /* Basic MultiplicationUITests */ = {
			isa = PBXNativeTarget;
			buildConfigurationList = B332C8D42C9D458800953C58 /* Build configuration list for PBXNativeTarget "Basic MultiplicationUITests" */;
			buildPhases = (
				B332C8C02C9D458800953C58 /* Sources */,
				B332C8C12C9D458800953C58 /* Frameworks */,
				B332C8C22C9D458800953C58 /* Resources */,
			);
			buildRules = (
			);
			dependencies = (
				B332C8C62C9D458800953C58 /* PBXTargetDependency */,
			);
			fileSystemSynchronizedGroups = (
				B332C8C72C9D458800953C58 /* Basic MultiplicationUITests */,
			);
			name = "Basic MultiplicationUITests";
			packageProductDependencies = (
			);
			productName = "Basic MultiplicationUITests";
			productReference = B332C8C42C9D458800953C58 /* Basic MultiplicationUITests.xctest */;
			productType = "com.apple.product-type.bundle.ui-testing";
		};
/* End PBXNativeTarget section */

/* Begin PBXProject section */
		B332C8A22C9D458200953C58 /* Project object */ = {
			isa = PBXProject;
			attributes = {
				BuildIndependentTargetsInParallel = 1;
				LastSwiftUpdateCheck = 1600;
				LastUpgradeCheck = 1600;
				TargetAttributes = {
					B332C8A92C9D458200953C58 = {
						CreatedOnToolsVersion = 16.0;
					};
					B332C8B92C9D458800953C58 = {
						CreatedOnToolsVersion = 16.0;
						TestTargetID = B332C8A92C9D458200953C58;
					};
					B332C8C32C9D458800953C58 = {
						CreatedOnToolsVersion = 16.0;
						TestTargetID = B332C8A92C9D458200953C58;
					};
				};
			};
			buildConfigurationList = B332C8A52C9D458200953C58 /* Build configuration list for PBXProject "Basic Multiplication" */;
			developmentRegion = en;
			hasScannedForEncodings = 0;
			knownRegions = (
				en,
				Base,
			);
			mainGroup = B332C8A12C9D458200953C58;
			minimizedProjectReferenceProxies = 1;
			preferredProjectObjectVersion = 77;
			productRefGroup = B332C8AB2C9D458200953C58 /* Products */;
			projectDirPath = "";
			projectRoot = "";
			targets = (
				B332C8A92C9D458200953C58 /* Basic Multiplication */,
				B332C8B92C9D458800953C58 /* Basic MultiplicationTests */,
				B332C8C32C9D458800953C58 /* Basic MultiplicationUITests */,
			);
		};
/* End PBXProject section */

/* Begin PBXResourcesBuildPhase section */
		B332C8A82C9D458200953C58 /* Resources */ = {
			isa = PBXResourcesBuildPhase;
			buildActionMask = 2147483647;
			files = (
				B332C8D82C9D468600953C58 /* README.md in Resources */,
			);
			runOnlyForDeploymentPostprocessing = 0;
		};
		B332C8B82C9D458800953C58 /* Resources */ = {
			isa = PBXResourcesBuildPhase;
			buildActionMask = 2147483647;
			files = (
			);
			runOnlyForDeploymentPostprocessing = 0;
		};
		B332C8C22C9D458800953C58 /* Resources */ = {
			isa = PBXResourcesBuildPhase;
			buildActionMask = 2147483647;
			files = (
			);
			runOnlyForDeploymentPostprocessing = 0;
		};
/* End PBXResourcesBuildPhase section */

/* Begin PBXSourcesBuildPhase section */
		B332C8A62C9D458200953C58 /* Sources */ = {
			isa = PBXSourcesBuildPhase;
			buildActionMask = 2147483647;
			files = (
			);
			runOnlyForDeploymentPostprocessing = 0;
		};
		B332C8B62C9D458800953C58 /* Sources */ = {
			isa = PBXSourcesBuildPhase;
			buildActionMask = 2147483647;
			files = (
			);
			runOnlyForDeploymentPostprocessing = 0;
		};
		B332C8C02C9D458800953C58 /* Sources */ = {
			isa = PBXSourcesBuildPhase;
			buildActionMask = 2147483647;
			files = (
			);
			runOnlyForDeploymentPostprocessing = 0;
		};
/* End PBXSourcesBuildPhase section */

/* Begin PBXTargetDependency section */
		B332C8BC2C9D458800953C58 /* PBXTargetDependency */ = {
			isa = PBXTargetDependency;
			target = B332C8A92C9D458200953C58 /* Basic Multiplication */;
			targetProxy = B332C8BB2C9D458800953C58 /* PBXContainerItemProxy */;
		};
		B332C8C62C9D458800953C58 /* PBXTargetDependency */ = {
			isa = PBXTargetDependency;
			target = B332C8A92C9D458200953C58 /* Basic Multiplication */;
			targetProxy = B332C8C52C9D458800953C58 /* PBXContainerItemProxy */;
		};
/* End PBXTargetDependency section */

/* Begin XCBuildConfiguration section */
		B332C8CC2C9D458800953C58 /* Debug */ = {
			isa = XCBuildConfiguration;
			buildSettings = {
				ALWAYS_SEARCH_USER_PATHS = NO;
				ASSETCATALOG_COMPILER_GENERATE_SWIFT_ASSET_SYMBOL_EXTENSIONS = YES;
				CLANG_ANALYZER_NONNULL = YES;
				CLANG_ANALYZER_NUMBER_OBJECT_CONVERSION = YES_AGGRESSIVE;
				CLANG_CXX_LANGUAGE_STANDARD = "gnu++20";
				CLANG_ENABLE_MODULES = YES;
				CLANG_ENABLE_OBJC_ARC = YES;
				CLANG_ENABLE_OBJC_WEAK = YES;
				CLANG_WARN_BLOCK_CAPTURE_AUTORELEASING = YES;
				CLANG_WARN_BOOL_CONVERSION = YES;
				CLANG_WARN_COMMA = YES;
				CLANG_WARN_CONSTANT_CONVERSION = YES;
				CLANG_WARN_DEPRECATED_OBJC_IMPLEMENTATIONS = YES;
				CLANG_WARN_DIRECT_OBJC_ISA_USAGE = YES_ERROR;
				CLANG_WARN_DOCUMENTATION_COMMENTS = YES;
				CLANG_WARN_EMPTY_BODY = YES;
				CLANG_WARN_ENUM_CONVERSION = YES;
				CLANG_WARN_INFINITE_RECURSION = YES;
				CLANG_WARN_INT_CONVERSION = YES;
				CLANG_WARN_NON_LITERAL_NULL_CONVERSION = YES;
				CLANG_WARN_OBJC_IMPLICIT_RETAIN_SELF = YES;
				CLANG_WARN_OBJC_LITERAL_CONVERSION = YES;
				CLANG_WARN_OBJC_ROOT_CLASS = YES_ERROR;
				CLANG_WARN_QUOTED_INCLUDE_IN_FRAMEWORK_HEADER = YES;
				CLANG_WARN_RANGE_LOOP_ANALYSIS = YES;
				CLANG_WARN_STRICT_PROTOTYPES = YES;
				CLANG_WARN_SUSPICIOUS_MOVE = YES;
				CLANG_WARN_UNGUARDED_AVAILABILITY = YES_AGGRESSIVE;
				CLANG_WARN_UNREACHABLE_CODE = YES;
				CLANG_WARN__DUPLICATE_METHOD_MATCH = YES;
				COPY_PHASE_STRIP = NO;
				DEBUG_INFORMATION_FORMAT = dwarf;
				ENABLE_STRICT_OBJC_MSGSEND = YES;
				ENABLE_TESTABILITY = YES;
				ENABLE_USER_SCRIPT_SANDBOXING = YES;
				GCC_C_LANGUAGE_STANDARD = gnu17;
				GCC_DYNAMIC_NO_PIC = NO;
				GCC_NO_COMMON_BLOCKS = YES;
				GCC_OPTIMIZATION_LEVEL = 0;
				GCC_PREPROCESSOR_DEFINITIONS = (
					"DEBUG=1",
					"$(inherited)",
				);
				GCC_WARN_64_TO_32_BIT_CONVERSION = YES;
				GCC_WARN_ABOUT_RETURN_TYPE = YES_ERROR;
				GCC_WARN_UNDECLARED_SELECTOR = YES;
				GCC_WARN_UNINITIALIZED_AUTOS = YES_AGGRESSIVE;
				GCC_WARN_UNUSED_FUNCTION = YES;
				GCC_WARN_UNUSED_VARIABLE = YES;
				IPHONEOS_DEPLOYMENT_TARGET = 15.6;
				LOCALIZATION_PREFERS_STRING_CATALOGS = YES;
				MTL_ENABLE_DEBUG_INFO = INCLUDE_SOURCE;
				MTL_FAST_MATH = YES;
				ONLY_ACTIVE_ARCH = YES;
				SDKROOT = iphoneos;
				SWIFT_ACTIVE_COMPILATION_CONDITIONS = "DEBUG $(inherited)";
				SWIFT_OPTIMIZATION_LEVEL = "-Onone";
			};
			name = Debug;
		};
		B332C8CD2C9D458800953C58 /* Release */ = {
			isa = XCBuildConfiguration;
			buildSettings = {
				ALWAYS_SEARCH_USER_PATHS = NO;
				ASSETCATALOG_COMPILER_GENERATE_SWIFT_ASSET_SYMBOL_EXTENSIONS = YES;
				CLANG_ANALYZER_NONNULL = YES;
				CLANG_ANALYZER_NUMBER_OBJECT_CONVERSION = YES_AGGRESSIVE;
				CLANG_CXX_LANGUAGE_STANDARD = "gnu++20";
				CLANG_ENABLE_MODULES = YES;
				CLANG_ENABLE_OBJC_ARC = YES;
				CLANG_ENABLE_OBJC_WEAK = YES;
				CLANG_WARN_BLOCK_CAPTURE_AUTORELEASING = YES;
				CLANG_WARN_BOOL_CONVERSION = YES;
				CLANG_WARN_COMMA = YES;
				CLANG_WARN_CONSTANT_CONVERSION = YES;
				CLANG_WARN_DEPRECATED_OBJC_IMPLEMENTATIONS = YES;
				CLANG_WARN_DIRECT_OBJC_ISA_USAGE = YES_ERROR;
				CLANG_WARN_DOCUMENTATION_COMMENTS = YES;
				CLANG_WARN_EMPTY_BODY = YES;
				CLANG_WARN_ENUM_CONVERSION = YES;
				CLANG_WARN_INFINITE_RECURSION = YES;
				CLANG_WARN_INT_CONVERSION = YES;
				CLANG_WARN_NON_LITERAL_NULL_CONVERSION = YES;
				CLANG_WARN_OBJC_IMPLICIT_RETAIN_SELF = YES;
				CLANG_WARN_OBJC_LITERAL_CONVERSION = YES;
				CLANG_WARN_OBJC_ROOT_CLASS = YES_ERROR;
				CLANG_WARN_QUOTED_INCLUDE_IN_FRAMEWORK_HEADER = YES;
				CLANG_WARN_RANGE_LOOP_ANALYSIS = YES;
				CLANG_WARN_STRICT_PROTOTYPES = YES;
				CLANG_WARN_SUSPICIOUS_MOVE = YES;
				CLANG_WARN_UNGUARDED_AVAILABILITY = YES_AGGRESSIVE;
				CLANG_WARN_UNREACHABLE_CODE = YES;
				CLANG_WARN__DUPLICATE_METHOD_MATCH = YES;
				COPY_PHASE_STRIP = NO;
				DEBUG_INFORMATION_FORMAT = "dwarf-with-dsym";
				ENABLE_NS_ASSERTIONS = NO;
				ENABLE_STRICT_OBJC_MSGSEND = YES;
				ENABLE_USER_SCRIPT_SANDBOXING = YES;
				GCC_C_LANGUAGE_STANDARD = gnu17;
				GCC_NO_COMMON_BLOCKS = YES;
				GCC_WARN_64_TO_32_BIT_CONVERSION = YES;
				GCC_WARN_ABOUT_RETURN_TYPE = YES_ERROR;
				GCC_WARN_UNDECLARED_SELECTOR = YES;
				GCC_WARN_UNINITIALIZED_AUTOS = YES_AGGRESSIVE;
				GCC_WARN_UNUSED_FUNCTION = YES;
				GCC_WARN_UNUSED_VARIABLE = YES;
				IPHONEOS_DEPLOYMENT_TARGET = 15.6;
				LOCALIZATION_PREFERS_STRING_CATALOGS = YES;
				MTL_ENABLE_DEBUG_INFO = NO;
				MTL_FAST_MATH = YES;
				SDKROOT = iphoneos;
				SWIFT_COMPILATION_MODE = wholemodule;
				VALIDATE_PRODUCT = YES;
			};
			name = Release;
		};
		B332C8CF2C9D458800953C58 /* Debug */ = {
			isa = XCBuildConfiguration;
			buildSettings = {
				ASSETCATALOG_COMPILER_APPICON_NAME = AppIcon;
				ASSETCATALOG_COMPILER_GLOBAL_ACCENT_COLOR_NAME = AccentColor;
				CODE_SIGN_STYLE = Automatic;
				CURRENT_PROJECT_VERSION = 1;
				DEVELOPMENT_ASSET_PATHS = "\"Basic Multiplication/Preview Content\"";
				DEVELOPMENT_TEAM = 94RX8Q59P5;
				ENABLE_PREVIEWS = YES;
				GENERATE_INFOPLIST_FILE = YES;
				INFOPLIST_KEY_LSApplicationCategoryType = "public.app-category.education";
				INFOPLIST_KEY_UIApplicationSceneManifest_Generation = YES;
				INFOPLIST_KEY_UIApplicationSupportsIndirectInputEvents = YES;
				INFOPLIST_KEY_UILaunchScreen_Generation = YES;
				INFOPLIST_KEY_UISupportedInterfaceOrientations_iPad = "UIInterfaceOrientationPortrait UIInterfaceOrientationPortraitUpsideDown UIInterfaceOrientationLandscapeLeft UIInterfaceOrientationLandscapeRight";
				INFOPLIST_KEY_UISupportedInterfaceOrientations_iPhone = "UIInterfaceOrientationPortrait UIInterfaceOrientationLandscapeLeft UIInterfaceOrientationLandscapeRight";
				LD_RUNPATH_SEARCH_PATHS = (
					"$(inherited)",
					"@executable_path/Frameworks",
				);
				MARKETING_VERSION = 1.0;
				PRODUCT_BUNDLE_IDENTIFIER = "de.angu-software.Basic-Multiplication";
				PRODUCT_NAME = "$(TARGET_NAME)";
				SUPPORTED_PLATFORMS = "iphoneos iphonesimulator";
				SUPPORTS_MACCATALYST = NO;
				SUPPORTS_MAC_DESIGNED_FOR_IPHONE_IPAD = NO;
				SUPPORTS_XR_DESIGNED_FOR_IPHONE_IPAD = NO;
				SWIFT_EMIT_LOC_STRINGS = YES;
				SWIFT_VERSION = 5.0;
				TARGETED_DEVICE_FAMILY = "1,2";
			};
			name = Debug;
		};
		B332C8D02C9D458800953C58 /* Release */ = {
			isa = XCBuildConfiguration;
			buildSettings = {
				ASSETCATALOG_COMPILER_APPICON_NAME = AppIcon;
				ASSETCATALOG_COMPILER_GLOBAL_ACCENT_COLOR_NAME = AccentColor;
				CODE_SIGN_STYLE = Automatic;
				CURRENT_PROJECT_VERSION = 1;
				DEVELOPMENT_ASSET_PATHS = "\"Basic Multiplication/Preview Content\"";
				DEVELOPMENT_TEAM = 94RX8Q59P5;
				ENABLE_PREVIEWS = YES;
				GENERATE_INFOPLIST_FILE = YES;
				INFOPLIST_KEY_LSApplicationCategoryType = "public.app-category.education";
				INFOPLIST_KEY_UIApplicationSceneManifest_Generation = YES;
				INFOPLIST_KEY_UIApplicationSupportsIndirectInputEvents = YES;
				INFOPLIST_KEY_UILaunchScreen_Generation = YES;
				INFOPLIST_KEY_UISupportedInterfaceOrientations_iPad = "UIInterfaceOrientationPortrait UIInterfaceOrientationPortraitUpsideDown UIInterfaceOrientationLandscapeLeft UIInterfaceOrientationLandscapeRight";
				INFOPLIST_KEY_UISupportedInterfaceOrientations_iPhone = "UIInterfaceOrientationPortrait UIInterfaceOrientationLandscapeLeft UIInterfaceOrientationLandscapeRight";
				LD_RUNPATH_SEARCH_PATHS = (
					"$(inherited)",
					"@executable_path/Frameworks",
				);
				MARKETING_VERSION = 1.0;
				PRODUCT_BUNDLE_IDENTIFIER = "de.angu-software.Basic-Multiplication";
				PRODUCT_NAME = "$(TARGET_NAME)";
				SUPPORTED_PLATFORMS = "iphoneos iphonesimulator";
				SUPPORTS_MACCATALYST = NO;
				SUPPORTS_MAC_DESIGNED_FOR_IPHONE_IPAD = NO;
				SUPPORTS_XR_DESIGNED_FOR_IPHONE_IPAD = NO;
				SWIFT_EMIT_LOC_STRINGS = YES;
				SWIFT_VERSION = 5.0;
				TARGETED_DEVICE_FAMILY = "1,2";
			};
			name = Release;
		};
		B332C8D22C9D458800953C58 /* Debug */ = {
			isa = XCBuildConfiguration;
			buildSettings = {
				BUNDLE_LOADER = "$(TEST_HOST)";
				CODE_SIGN_STYLE = Automatic;
				CURRENT_PROJECT_VERSION = 1;
				DEVELOPMENT_TEAM = 94RX8Q59P5;
				GENERATE_INFOPLIST_FILE = YES;
				IPHONEOS_DEPLOYMENT_TARGET = 18.0;
				MARKETING_VERSION = 1.0;
				PRODUCT_BUNDLE_IDENTIFIER = "de.angu-software.Basic-MultiplicationTests";
				PRODUCT_NAME = "$(TARGET_NAME)";
				SWIFT_EMIT_LOC_STRINGS = NO;
				SWIFT_VERSION = 5.0;
				TARGETED_DEVICE_FAMILY = "1,2";
				TEST_HOST = "$(BUILT_PRODUCTS_DIR)/Basic Multiplication.app/$(BUNDLE_EXECUTABLE_FOLDER_PATH)/Basic Multiplication";
			};
			name = Debug;
		};
		B332C8D32C9D458800953C58 /* Release */ = {
			isa = XCBuildConfiguration;
			buildSettings = {
				BUNDLE_LOADER = "$(TEST_HOST)";
				CODE_SIGN_STYLE = Automatic;
				CURRENT_PROJECT_VERSION = 1;
				DEVELOPMENT_TEAM = 94RX8Q59P5;
				GENERATE_INFOPLIST_FILE = YES;
				IPHONEOS_DEPLOYMENT_TARGET = 18.0;
				MARKETING_VERSION = 1.0;
				PRODUCT_BUNDLE_IDENTIFIER = "de.angu-software.Basic-MultiplicationTests";
				PRODUCT_NAME = "$(TARGET_NAME)";
				SWIFT_EMIT_LOC_STRINGS = NO;
				SWIFT_VERSION = 5.0;
				TARGETED_DEVICE_FAMILY = "1,2";
				TEST_HOST = "$(BUILT_PRODUCTS_DIR)/Basic Multiplication.app/$(BUNDLE_EXECUTABLE_FOLDER_PATH)/Basic Multiplication";
			};
			name = Release;
		};
		B332C8D52C9D458800953C58 /* Debug */ = {
			isa = XCBuildConfiguration;
			buildSettings = {
				CODE_SIGN_STYLE = Automatic;
				CURRENT_PROJECT_VERSION = 1;
				DEVELOPMENT_TEAM = 94RX8Q59P5;
				GENERATE_INFOPLIST_FILE = YES;
				MARKETING_VERSION = 1.0;
				PRODUCT_BUNDLE_IDENTIFIER = "de.angu-software.Basic-MultiplicationUITests";
				PRODUCT_NAME = "$(TARGET_NAME)";
				SWIFT_EMIT_LOC_STRINGS = NO;
				SWIFT_VERSION = 5.0;
				TARGETED_DEVICE_FAMILY = "1,2";
				TEST_TARGET_NAME = "Basic Multiplication";
			};
			name = Debug;
		};
		B332C8D62C9D458800953C58 /* Release */ = {
			isa = XCBuildConfiguration;
			buildSettings = {
				CODE_SIGN_STYLE = Automatic;
				CURRENT_PROJECT_VERSION = 1;
				DEVELOPMENT_TEAM = 94RX8Q59P5;
				GENERATE_INFOPLIST_FILE = YES;
				MARKETING_VERSION = 1.0;
				PRODUCT_BUNDLE_IDENTIFIER = "de.angu-software.Basic-MultiplicationUITests";
				PRODUCT_NAME = "$(TARGET_NAME)";
				SWIFT_EMIT_LOC_STRINGS = NO;
				SWIFT_VERSION = 5.0;
				TARGETED_DEVICE_FAMILY = "1,2";
				TEST_TARGET_NAME = "Basic Multiplication";
			};
			name = Release;
		};
/* End XCBuildConfiguration section */

/* Begin XCConfigurationList section */
		B332C8A52C9D458200953C58 /* Build configuration list for PBXProject "Basic Multiplication" */ = {
			isa = XCConfigurationList;
			buildConfigurations = (
				B332C8CC2C9D458800953C58 /* Debug */,
				B332C8CD2C9D458800953C58 /* Release */,
			);
			defaultConfigurationIsVisible = 0;
			defaultConfigurationName = Release;
		};
		B332C8CE2C9D458800953C58 /* Build configuration list for PBXNativeTarget "Basic Multiplication" */ = {
			isa = XCConfigurationList;
			buildConfigurations = (
				B332C8CF2C9D458800953C58 /* Debug */,
				B332C8D02C9D458800953C58 /* Release */,
			);
			defaultConfigurationIsVisible = 0;
			defaultConfigurationName = Release;
		};
		B332C8D12C9D458800953C58 /* Build configuration list for PBXNativeTarget "Basic MultiplicationTests" */ = {
			isa = XCConfigurationList;
			buildConfigurations = (
				B332C8D22C9D458800953C58 /* Debug */,
				B332C8D32C9D458800953C58 /* Release */,
			);
			defaultConfigurationIsVisible = 0;
			defaultConfigurationName = Release;
		};
		B332C8D42C9D458800953C58 /* Build configuration list for PBXNativeTarget "Basic MultiplicationUITests" */ = {
			isa = XCConfigurationList;
			buildConfigurations = (
				B332C8D52C9D458800953C58 /* Debug */,
				B332C8D62C9D458800953C58 /* Release */,
			);
			defaultConfigurationIsVisible = 0;
			defaultConfigurationName = Release;
		};
/* End XCConfigurationList section */
	};
	rootObject = B332C8A22C9D458200953C58 /* Project object */;
}
